// !$*UTF8*$!
{
	archiveVersion = 1;
	classes = {
	};
	objectVersion = 77;
	objects = {

/* Begin PBXBuildFile section */
		1112FDEA2F8ED493003F1691 /* FavoritesStorageService.swift in Sources */ = {isa = PBXBuildFile; fileRef = 1112FDE92F8ED493003F1691 /* FavoritesStorageService.swift */; };
		1112FDED2F8ED4EE003F1691 /* Site.swift in Sources */ = {isa = PBXBuildFile; fileRef = 1112FDEC2F8ED4EE003F1691 /* Site.swift */; };
		1112FDF12F900FD6003F1691 /* AppCoordinator.swift in Sources */ = {isa = PBXBuildFile; fileRef = 1112FDF02F900FD6003F1691 /* AppCoordinator.swift */; };
		115C57A02F5607BF00EB5209 /* SiteListViewController.swift in Sources */ = {isa = PBXBuildFile; fileRef = 115C57972F5607BF00EB5209 /* SiteListViewController.swift */; };
		115C57A12F5607BF00EB5209 /* SiteListViewModel.swift in Sources */ = {isa = PBXBuildFile; fileRef = 115C57982F5607BF00EB5209 /* SiteListViewModel.swift */; };
		115C57A62F58CAE200EB5209 /* WebViewController.swift in Sources */ = {isa = PBXBuildFile; fileRef = 115C57A52F58CAE200EB5209 /* WebViewController.swift */; };
		11923C7A2F980EFC00C2B00C /* StorageServiceProtocol.swift in Sources */ = {isa = PBXBuildFile; fileRef = 11923C792F980EFC00C2B00C /* StorageServiceProtocol.swift */; };
		11FB81DC2FAA85D4006C34DD /* URLValidatorProtocol.swift in Sources */ = {isa = PBXBuildFile; fileRef = 11FB81DB2FAA85D4006C34DD /* URLValidatorProtocol.swift */; };
		11FB81DE2FAA8663006C34DD /* URLValidator.swift in Sources */ = {isa = PBXBuildFile; fileRef = 11FB81DD2FAA8663006C34DD /* URLValidator.swift */; };
/* End PBXBuildFile section */

/* Begin PBXFileReference section */
		1112FDE92F8ED493003F1691 /* FavoritesStorageService.swift */ = {isa = PBXFileReference; lastKnownFileType = sourcecode.swift; path = FavoritesStorageService.swift; sourceTree = "<group>"; };
		1112FDEC2F8ED4EE003F1691 /* Site.swift */ = {isa = PBXFileReference; lastKnownFileType = sourcecode.swift; path = Site.swift; sourceTree = "<group>"; };
		1112FDF02F900FD6003F1691 /* AppCoordinator.swift */ = {isa = PBXFileReference; lastKnownFileType = sourcecode.swift; path = AppCoordinator.swift; sourceTree = "<group>"; };
		115C572E2F47817800EB5209 /* WebNavigator.app */ = {isa = PBXFileReference; explicitFileType = wrapper.application; includeInIndex = 0; path = WebNavigator.app; sourceTree = BUILT_PRODUCTS_DIR; };
		115C57972F5607BF00EB5209 /* SiteListViewController.swift */ = {isa = PBXFileReference; lastKnownFileType = sourcecode.swift; path = SiteListViewController.swift; sourceTree = "<group>"; };
		115C57982F5607BF00EB5209 /* SiteListViewModel.swift */ = {isa = PBXFileReference; lastKnownFileType = sourcecode.swift; path = SiteListViewModel.swift; sourceTree = "<group>"; };
		115C57A52F58CAE200EB5209 /* WebViewController.swift */ = {isa = PBXFileReference; lastKnownFileType = sourcecode.swift; path = WebViewController.swift; sourceTree = "<group>"; };
		11923C792F980EFC00C2B00C /* StorageServiceProtocol.swift */ = {isa = PBXFileReference; lastKnownFileType = sourcecode.swift; path = StorageServiceProtocol.swift; sourceTree = "<group>"; };
		11FB81DB2FAA85D4006C34DD /* URLValidatorProtocol.swift */ = {isa = PBXFileReference; lastKnownFileType = sourcecode.swift; path = URLValidatorProtocol.swift; sourceTree = "<group>"; };
		11FB81DD2FAA8663006C34DD /* URLValidator.swift */ = {isa = PBXFileReference; lastKnownFileType = sourcecode.swift; path = URLValidator.swift; sourceTree = "<group>"; };
/* End PBXFileReference section */

/* Begin PBXFileSystemSynchronizedBuildFileExceptionSet section */
		115C57402F47817900EB5209 /* Exceptions for "WebNavigator" folder in "WebNavigator" target */ = {
			isa = PBXFileSystemSynchronizedBuildFileExceptionSet;
			membershipExceptions = (
				Info.plist,
			);
			target = 115C572D2F47817800EB5209 /* WebNavigator */;
		};
/* End PBXFileSystemSynchronizedBuildFileExceptionSet section */

/* Begin PBXFileSystemSynchronizedRootGroup section */
		115C57302F47817800EB5209 /* WebNavigator */ = {
			isa = PBXFileSystemSynchronizedRootGroup;
			exceptions = (
				115C57402F47817900EB5209 /* Exceptions for "WebNavigator" folder in "WebNavigator" target */,
			);
			path = WebNavigator;
			sourceTree = "<group>";
		};
/* End PBXFileSystemSynchronizedRootGroup section */

/* Begin PBXFrameworksBuildPhase section */
		115C572B2F47817800EB5209 /* Frameworks */ = {
			isa = PBXFrameworksBuildPhase;
			buildActionMask = 2147483647;
			files = (
			);
			runOnlyForDeploymentPostprocessing = 0;
		};
/* End PBXFrameworksBuildPhase section */

/* Begin PBXGroup section */
		1112FDE42F8ED279003F1691 /* Core */ = {
			isa = PBXGroup;
			children = (
				1112FDE52F8ED355003F1691 /* Services */,
			);
			path = Core;
			sourceTree = "<group>";
		};
		1112FDE52F8ED355003F1691 /* Services */ = {
			isa = PBXGroup;
			children = (
				1112FDE62F8ED35F003F1691 /* Storage */,
				11FB81DB2FAA85D4006C34DD /* URLValidatorProtocol.swift */,
				11FB81DD2FAA8663006C34DD /* URLValidator.swift */,
			);
			path = Services;
			sourceTree = "<group>";
		};
		1112FDE62F8ED35F003F1691 /* Storage */ = {
			isa = PBXGroup;
			children = (
				1112FDE92F8ED493003F1691 /* FavoritesStorageService.swift */,
				11923C792F980EFC00C2B00C /* StorageServiceProtocol.swift */,
			);
			path = Storage;
			sourceTree = "<group>";
		};
		1112FDEB2F8ED4DF003F1691 /* Model */ = {
			isa = PBXGroup;
			children = (
				1112FDEC2F8ED4EE003F1691 /* Site.swift */,
			);
			path = Model;
			sourceTree = "<group>";
		};
		1112FDEF2F900FBF003F1691 /* Coordinator */ = {
			isa = PBXGroup;
			children = (
				1112FDF02F900FD6003F1691 /* AppCoordinator.swift */,
			);
			path = Coordinator;
			sourceTree = "<group>";
		};
		115C57252F47817800EB5209 = {
			isa = PBXGroup;
			children = (
				1112FDEF2F900FBF003F1691 /* Coordinator */,
				1112FDE42F8ED279003F1691 /* Core */,
				115C57ED2F59DFBF00EB5209 /* Features */,
				115C57302F47817800EB5209 /* WebNavigator */,
				115C572F2F47817800EB5209 /* Products */,
			);
			sourceTree = "<group>";
		};
		115C572F2F47817800EB5209 /* Products */ = {
			isa = PBXGroup;
			children = (
				115C572E2F47817800EB5209 /* WebNavigator.app */,
			);
			name = Products;
			sourceTree = "<group>";
		};
		115C57ED2F59DFBF00EB5209 /* Features */ = {
			isa = PBXGroup;
			children = (
				115C57EF2F59E00500EB5209 /* WebView */,
				115C57EE2F59DFE300EB5209 /* SiteList */,
			);
			path = Features;
			sourceTree = "<group>";
		};
		115C57EE2F59DFE300EB5209 /* SiteList */ = {
			isa = PBXGroup;
			children = (
				1112FDEB2F8ED4DF003F1691 /* Model */,
				115C57F12F59E08200EB5209 /* ViewModel */,
				115C57F02F59E07400EB5209 /* View */,
			);
			path = SiteList;
			sourceTree = "<group>";
		};
		115C57EF2F59E00500EB5209 /* WebView */ = {
			isa = PBXGroup;
			children = (
				115C57F22F59E12D00EB5209 /* View */,
			);
			path = WebView;
			sourceTree = "<group>";
		};
		115C57F02F59E07400EB5209 /* View */ = {
			isa = PBXGroup;
			children = (
				115C57972F5607BF00EB5209 /* SiteListViewController.swift */,
			);
			path = View;
			sourceTree = "<group>";
		};
		115C57F12F59E08200EB5209 /* ViewModel */ = {
			isa = PBXGroup;
			children = (
				115C57982F5607BF00EB5209 /* SiteListViewModel.swift */,
			);
			path = ViewModel;
			sourceTree = "<group>";
		};
		115C57F22F59E12D00EB5209 /* View */ = {
			isa = PBXGroup;
			children = (
				115C57A52F58CAE200EB5209 /* WebViewController.swift */,
			);
			path = View;
			sourceTree = "<group>";
		};
/* End PBXGroup section */

/* Begin PBXNativeTarget section */
		115C572D2F47817800EB5209 /* WebNavigator */ = {
			isa = PBXNativeTarget;
			buildConfigurationList = 115C57412F47817900EB5209 /* Build configuration list for PBXNativeTarget "WebNavigator" */;
			buildPhases = (
				115C572A2F47817800EB5209 /* Sources */,
				115C572B2F47817800EB5209 /* Frameworks */,
				115C572C2F47817800EB5209 /* Resources */,
			);
			buildRules = (
			);
			dependencies = (
			);
			fileSystemSynchronizedGroups = (
				115C57302F47817800EB5209 /* WebNavigator */,
			);
			name = WebNavigator;
			packageProductDependencies = (
			);
			productName = WebNavigator;
			productReference = 115C572E2F47817800EB5209 /* WebNavigator.app */;
			productType = "com.apple.product-type.application";
		};
/* End PBXNativeTarget section */

/* Begin PBXProject section */
		115C57262F47817800EB5209 /* Project object */ = {
			isa = PBXProject;
			attributes = {
				BuildIndependentTargetsInParallel = 1;
				LastSwiftUpdateCheck = 1610;
				LastUpgradeCheck = 1610;
				TargetAttributes = {
					115C572D2F47817800EB5209 = {
						CreatedOnToolsVersion = 16.1;
					};
				};
			};
			buildConfigurationList = 115C57292F47817800EB5209 /* Build configuration list for PBXProject "WebNavigator" */;
			developmentRegion = en;
			hasScannedForEncodings = 0;
			knownRegions = (
				en,
				Base,
			);
			mainGroup = 115C57252F47817800EB5209;
			minimizedProjectReferenceProxies = 1;
			preferredProjectObjectVersion = 77;
			productRefGroup = 115C572F2F47817800EB5209 /* Products */;
			projectDirPath = "";
			projectRoot = "";
			targets = (
				115C572D2F47817800EB5209 /* WebNavigator */,
			);
		};
/* End PBXProject section */

/* Begin PBXResourcesBuildPhase section */
		115C572C2F47817800EB5209 /* Resources */ = {
			isa = PBXResourcesBuildPhase;
			buildActionMask = 2147483647;
			files = (
			);
			runOnlyForDeploymentPostprocessing = 0;
		};
/* End PBXResourcesBuildPhase section */

/* Begin PBXSourcesBuildPhase section */
		115C572A2F47817800EB5209 /* Sources */ = {
			isa = PBXSourcesBuildPhase;
			buildActionMask = 2147483647;
			files = (
				115C57A62F58CAE200EB5209 /* WebViewController.swift in Sources */,
				1112FDEA2F8ED493003F1691 /* FavoritesStorageService.swift in Sources */,
				1112FDED2F8ED4EE003F1691 /* Site.swift in Sources */,
				1112FDF12F900FD6003F1691 /* AppCoordinator.swift in Sources */,
				11FB81DC2FAA85D4006C34DD /* URLValidatorProtocol.swift in Sources */,
				115C57A02F5607BF00EB5209 /* SiteListViewController.swift in Sources */,
				115C57A12F5607BF00EB5209 /* SiteListViewModel.swift in Sources */,
				11923C7A2F980EFC00C2B00C /* StorageServiceProtocol.swift in Sources */,
				11FB81DE2FAA8663006C34DD /* URLValidator.swift in Sources */,
			);
			runOnlyForDeploymentPostprocessing = 0;
		};
/* End PBXSourcesBuildPhase section */

/* Begin XCBuildConfiguration section */
		115C57422F47817900EB5209 /* Debug */ = {
			isa = XCBuildConfiguration;
			buildSettings = {
				ASSETCATALOG_COMPILER_APPICON_NAME = AppIcon;
				ASSETCATALOG_COMPILER_GLOBAL_ACCENT_COLOR_NAME = AccentColor;
				CODE_SIGN_STYLE = Automatic;
				CURRENT_PROJECT_VERSION = 1;
				DEVELOPMENT_TEAM = KA667JQ57A;
				GENERATE_INFOPLIST_FILE = YES;
				INFOPLIST_FILE = WebNavigator/Info.plist;
				INFOPLIST_KEY_UIApplicationSupportsIndirectInputEvents = YES;
				INFOPLIST_KEY_UILaunchStoryboardName = LaunchScreen;
				INFOPLIST_KEY_UISupportedInterfaceOrientations_iPad = "UIInterfaceOrientationPortrait UIInterfaceOrientationPortraitUpsideDown UIInterfaceOrientationLandscapeLeft UIInterfaceOrientationLandscapeRight";
				INFOPLIST_KEY_UISupportedInterfaceOrientations_iPhone = "UIInterfaceOrientationPortrait UIInterfaceOrientationLandscapeLeft UIInterfaceOrientationLandscapeRight";
				LD_RUNPATH_SEARCH_PATHS = (
					"$(inherited)",
					"@executable_path/Frameworks",
				);
				MARKETING_VERSION = 1.0;
				PRODUCT_BUNDLE_IDENTIFIER = com.karlamartins.WebNavigator;
				PRODUCT_NAME = "$(TARGET_NAME)";
				SWIFT_EMIT_LOC_STRINGS = YES;
				SWIFT_VERSION = 5.0;
				TARGETED_DEVICE_FAMILY = "1,2";
			};
			name = Debug;
		};
		115C57432F47817900EB5209 /* Release */ = {
			isa = XCBuildConfiguration;
			buildSettings = {
				ASSETCATALOG_COMPILER_APPICON_NAME = AppIcon;
				ASSETCATALOG_COMPILER_GLOBAL_ACCENT_COLOR_NAME = AccentColor;
				CODE_SIGN_STYLE = Automatic;
				CURRENT_PROJECT_VERSION = 1;
				DEVELOPMENT_TEAM = KA667JQ57A;
				GENERATE_INFOPLIST_FILE = YES;
				INFOPLIST_FILE = WebNavigator/Info.plist;
				INFOPLIST_KEY_UIApplicationSupportsIndirectInputEvents = YES;
				INFOPLIST_KEY_UILaunchStoryboardName = LaunchScreen;
				INFOPLIST_KEY_UISupportedInterfaceOrientations_iPad = "UIInterfaceOrientationPortrait UIInterfaceOrientationPortraitUpsideDown UIInterfaceOrientationLandscapeLeft UIInterfaceOrientationLandscapeRight";
				INFOPLIST_KEY_UISupportedInterfaceOrientations_iPhone = "UIInterfaceOrientationPortrait UIInterfaceOrientationLandscapeLeft UIInterfaceOrientationLandscapeRight";
				LD_RUNPATH_SEARCH_PATHS = (
					"$(inherited)",
					"@executable_path/Frameworks",
				);
				MARKETING_VERSION = 1.0;
				PRODUCT_BUNDLE_IDENTIFIER = com.karlamartins.WebNavigator;
				PRODUCT_NAME = "$(TARGET_NAME)";
				SWIFT_EMIT_LOC_STRINGS = YES;
				SWIFT_VERSION = 5.0;
				TARGETED_DEVICE_FAMILY = "1,2";
			};
			name = Release;
		};
		115C57442F47817900EB5209 /* Debug */ = {
			isa = XCBuildConfiguration;
			buildSettings = {
				ALWAYS_SEARCH_USER_PATHS = NO;
				ASSETCATALOG_COMPILER_GENERATE_SWIFT_ASSET_SYMBOL_EXTENSIONS = YES;
				CLANG_ANALYZER_NONNULL = YES;
				CLANG_ANALYZER_NUMBER_OBJECT_CONVERSION = YES_AGGRESSIVE;
				CLANG_CXX_LANGUAGE_STANDARD = "gnu++20";
				CLANG_ENABLE_MODULES = YES;
				CLANG_ENABLE_OBJC_ARC = YES;
				CLANG_ENABLE_OBJC_WEAK = YES;
				CLANG_WARN_BLOCK_CAPTURE_AUTORELEASING = YES;
				CLANG_WARN_BOOL_CONVERSION = YES;
				CLANG_WARN_COMMA = YES;
				CLANG_WARN_CONSTANT_CONVERSION = YES;
				CLANG_WARN_DEPRECATED_OBJC_IMPLEMENTATIONS = YES;
				CLANG_WARN_DIRECT_OBJC_ISA_USAGE = YES_ERROR;
				CLANG_WARN_DOCUMENTATION_COMMENTS = YES;
				CLANG_WARN_EMPTY_BODY = YES;
				CLANG_WARN_ENUM_CONVERSION = YES;
				CLANG_WARN_INFINITE_RECURSION = YES;
				CLANG_WARN_INT_CONVERSION = YES;
				CLANG_WARN_NON_LITERAL_NULL_CONVERSION = YES;
				CLANG_WARN_OBJC_IMPLICIT_RETAIN_SELF = YES;
				CLANG_WARN_OBJC_LITERAL_CONVERSION = YES;
				CLANG_WARN_OBJC_ROOT_CLASS = YES_ERROR;
				CLANG_WARN_QUOTED_INCLUDE_IN_FRAMEWORK_HEADER = YES;
				CLANG_WARN_RANGE_LOOP_ANALYSIS = YES;
				CLANG_WARN_STRICT_PROTOTYPES = YES;
				CLANG_WARN_SUSPICIOUS_MOVE = YES;
				CLANG_WARN_UNGUARDED_AVAILABILITY = YES_AGGRESSIVE;
				CLANG_WARN_UNREACHABLE_CODE = YES;
				CLANG_WARN__DUPLICATE_METHOD_MATCH = YES;
				COPY_PHASE_STRIP = NO;
				DEBUG_INFORMATION_FORMAT = dwarf;
				ENABLE_STRICT_OBJC_MSGSEND = YES;
				ENABLE_TESTABILITY = YES;
				ENABLE_USER_SCRIPT_SANDBOXING = YES;
				GCC_C_LANGUAGE_STANDARD = gnu17;
				GCC_DYNAMIC_NO_PIC = NO;
				GCC_NO_COMMON_BLOCKS = YES;
				GCC_OPTIMIZATION_LEVEL = 0;
				GCC_PREPROCESSOR_DEFINITIONS = (
					"DEBUG=1",
					"$(inherited)",
				);
				GCC_WARN_64_TO_32_BIT_CONVERSION = YES;
				GCC_WARN_ABOUT_RETURN_TYPE = YES_ERROR;
				GCC_WARN_UNDECLARED_SELECTOR = YES;
				GCC_WARN_UNINITIALIZED_AUTOS = YES_AGGRESSIVE;
				GCC_WARN_UNUSED_FUNCTION = YES;
				GCC_WARN_UNUSED_VARIABLE = YES;
				IPHONEOS_DEPLOYMENT_TARGET = 18.1;
				LOCALIZATION_PREFERS_STRING_CATALOGS = YES;
				MTL_ENABLE_DEBUG_INFO = INCLUDE_SOURCE;
				MTL_FAST_MATH = YES;
				ONLY_ACTIVE_ARCH = YES;
				SDKROOT = iphoneos;
				SWIFT_ACTIVE_COMPILATION_CONDITIONS = "DEBUG $(inherited)";
				SWIFT_OPTIMIZATION_LEVEL = "-Onone";
			};
			name = Debug;
		};
		115C57452F47817900EB5209 /* Release */ = {
			isa = XCBuildConfiguration;
			buildSettings = {
				ALWAYS_SEARCH_USER_PATHS = NO;
				ASSETCATALOG_COMPILER_GENERATE_SWIFT_ASSET_SYMBOL_EXTENSIONS = YES;
				CLANG_ANALYZER_NONNULL = YES;
				CLANG_ANALYZER_NUMBER_OBJECT_CONVERSION = YES_AGGRESSIVE;
				CLANG_CXX_LANGUAGE_STANDARD = "gnu++20";
				CLANG_ENABLE_MODULES = YES;
				CLANG_ENABLE_OBJC_ARC = YES;
				CLANG_ENABLE_OBJC_WEAK = YES;
				CLANG_WARN_BLOCK_CAPTURE_AUTORELEASING = YES;
				CLANG_WARN_BOOL_CONVERSION = YES;
				CLANG_WARN_COMMA = YES;
				CLANG_WARN_CONSTANT_CONVERSION = YES;
				CLANG_WARN_DEPRECATED_OBJC_IMPLEMENTATIONS = YES;
				CLANG_WARN_DIRECT_OBJC_ISA_USAGE = YES_ERROR;
				CLANG_WARN_DOCUMENTATION_COMMENTS = YES;
				CLANG_WARN_EMPTY_BODY = YES;
				CLANG_WARN_ENUM_CONVERSION = YES;
				CLANG_WARN_INFINITE_RECURSION = YES;
				CLANG_WARN_INT_CONVERSION = YES;
				CLANG_WARN_NON_LITERAL_NULL_CONVERSION = YES;
				CLANG_WARN_OBJC_IMPLICIT_RETAIN_SELF = YES;
				CLANG_WARN_OBJC_LITERAL_CONVERSION = YES;
				CLANG_WARN_OBJC_ROOT_CLASS = YES_ERROR;
				CLANG_WARN_QUOTED_INCLUDE_IN_FRAMEWORK_HEADER = YES;
				CLANG_WARN_RANGE_LOOP_ANALYSIS = YES;
				CLANG_WARN_STRICT_PROTOTYPES = YES;
				CLANG_WARN_SUSPICIOUS_MOVE = YES;
				CLANG_WARN_UNGUARDED_AVAILABILITY = YES_AGGRESSIVE;
				CLANG_WARN_UNREACHABLE_CODE = YES;
				CLANG_WARN__DUPLICATE_METHOD_MATCH = YES;
				COPY_PHASE_STRIP = NO;
				DEBUG_INFORMATION_FORMAT = "dwarf-with-dsym";
				ENABLE_NS_ASSERTIONS = NO;
				ENABLE_STRICT_OBJC_MSGSEND = YES;
				ENABLE_USER_SCRIPT_SANDBOXING = YES;
				GCC_C_LANGUAGE_STANDARD = gnu17;
				GCC_NO_COMMON_BLOCKS = YES;
				GCC_WARN_64_TO_32_BIT_CONVERSION = YES;
				GCC_WARN_ABOUT_RETURN_TYPE = YES_ERROR;
				GCC_WARN_UNDECLARED_SELECTOR = YES;
				GCC_WARN_UNINITIALIZED_AUTOS = YES_AGGRESSIVE;
				GCC_WARN_UNUSED_FUNCTION = YES;
				GCC_WARN_UNUSED_VARIABLE = YES;
				IPHONEOS_DEPLOYMENT_TARGET = 18.1;
				LOCALIZATION_PREFERS_STRING_CATALOGS = YES;
				MTL_ENABLE_DEBUG_INFO = NO;
				MTL_FAST_MATH = YES;
				SDKROOT = iphoneos;
				SWIFT_COMPILATION_MODE = wholemodule;
				VALIDATE_PRODUCT = YES;
			};
			name = Release;
		};
/* End XCBuildConfiguration section */

/* Begin XCConfigurationList section */
		115C57292F47817800EB5209 /* Build configuration list for PBXProject "WebNavigator" */ = {
			isa = XCConfigurationList;
			buildConfigurations = (
				115C57442F47817900EB5209 /* Debug */,
				115C57452F47817900EB5209 /* Release */,
			);
			defaultConfigurationIsVisible = 0;
			defaultConfigurationName = Release;
		};
		115C57412F47817900EB5209 /* Build configuration list for PBXNativeTarget "WebNavigator" */ = {
			isa = XCConfigurationList;
			buildConfigurations = (
				115C57422F47817900EB5209 /* Debug */,
				115C57432F47817900EB5209 /* Release */,
			);
			defaultConfigurationIsVisible = 0;
			defaultConfigurationName = Release;
		};
/* End XCConfigurationList section */
	};
	rootObject = 115C57262F47817800EB5209 /* Project object */;
}
